
Microsoft Visual Studio Solution File, Format Version 12.00
# Visual Studio 14
VisualStudioVersion = 14.0.24720.0
MinimumVisualStudioVersion = 10.0.40219.1
Project("{FAE04EC0-301F-11D3-BF4B-00C04F79EFBC}") = "Coffee.Services", "Coffee.Services\Coffee.Services.csproj", "{319AFB7B-B562-48AE-831F-33E78514C222}"
EndProject
Project("{2150E333-8FDC-42A3-9474-1A3956D46DE8}") = "XamarinForms", "XamarinForms", "{09EA9C66-A394-4763-BDB4-4285761720B2}"
EndProject
Project("{FAE04EC0-301F-11D3-BF4B-00C04F79EFBC}") = "CoffeeForms", "CoffeeForms\CoffeeForms.csproj", "{750F88A9-20C5-47A2-BA8D-0C86487EE15F}"
EndProject
Project("{FAE04EC0-301F-11D3-BF4B-00C04F79EFBC}") = "CoffeeForms.iOS", "iOS\CoffeeForms.iOS.csproj", "{19119D34-DFCA-4F34-8AB6-A15DD34C0E45}"
EndProject
Project("{FAE04EC0-301F-11D3-BF4B-00C04F79EFBC}") = "CoffeeForms.Droid", "Droid\CoffeeForms.Droid.csproj", "{29C83ED4-AEE4-4A6B-AAE8-676FF0885252}"
EndProject
Project("{FAE04EC0-301F-11D3-BF4B-00C04F79EFBC}") = "CoffeeForms.UITests", "UITests\CoffeeForms.UITests.csproj", "{792AC84B-4A28-483E-8D24-FBF4937AA7F9}"
EndProject
Project("{2150E333-8FDC-42A3-9474-1A3956D46DE8}") = "MvvmLight", "MvvmLight", "{D43432F1-C00F-48FF-967D-BED3A539A787}"
EndProject
Project("{FAE04EC0-301F-11D3-BF4B-00C04F79EFBC}") = "CoffeeLight.iOS", "CoffeeLight.iOS\CoffeeLight.iOS.csproj", "{751D55D8-8A9B-46D8-9261-816E225FB79D}"
EndProject
Project("{FAE04EC0-301F-11D3-BF4B-00C04F79EFBC}") = "CoffeeLight", "CoffeeLight\CoffeeLight.csproj", "{D8A447BF-B6E8-46C1-87E0-38FD3AC8DD06}"
EndProject
Project("{2150E333-8FDC-42A3-9474-1A3956D46DE8}") = "Classic", "Classic", "{8153D1E1-6BAC-47AA-9D98-AF7A5DF58631}"
EndProject
Project("{FAE04EC0-301F-11D3-BF4B-00C04F79EFBC}") = "Coffee.iOS", "Coffee.iOS\Coffee.iOS.csproj", "{EACDCE2C-66D0-437F-96C0-524828D8B851}"
EndProject
Project("{FAE04EC0-301F-11D3-BF4B-00C04F79EFBC}") = "Coffee.Droid", "Coffee.Droid\Coffee.Droid.csproj", "{70C53482-B597-41E1-B87B-6C31FB80B8FF}"
EndProject
Project("{FAE04EC0-301F-11D3-BF4B-00C04F79EFBC}") = "Coffee.iOSWatchKitApp", "Coffee.iOSWatchKitApp\Coffee.iOSWatchKitApp.csproj", "{2FA07A86-EE0C-4698-90FB-B678B06A7974}"
EndProject
Project("{FAE04EC0-301F-11D3-BF4B-00C04F79EFBC}") = "Coffee.iOSWatchKitExtension", "Coffee.iOSWatchKitExtension\Coffee.iOSWatchKitExtension.csproj", "{3B0517B2-85FE-4DDB-B54F-6EA0A9A39DF1}"
EndProject
Project("{2150E333-8FDC-42A3-9474-1A3956D46DE8}") = "MvvmCross", "MvvmCross", "{88667731-39F0-4D98-9201-609F41E440C6}"
EndProject
Project("{FAE04EC0-301F-11D3-BF4B-00C04F79EFBC}") = "CoffeeCross", "CoffeeCross\CoffeeCross\CoffeeCross.csproj", "{E0426F0B-AAB4-4708-BE08-C3DC28E1949E}"
EndProject
Project("{FAE04EC0-301F-11D3-BF4B-00C04F79EFBC}") = "CoffeeCross.iOS", "CoffeeCross\CoffeeCross.iOS\CoffeeCross.iOS.csproj", "{D3FA1384-0274-4244-8033-B5C2F6C1A5BD}"
EndProject
Project("{FAE04EC0-301F-11D3-BF4B-00C04F79EFBC}") = "CoffeeCross.Droid", "CoffeeCross\CoffeeCross.Droid\CoffeeCross.Droid.csproj", "{4BF640C9-905C-4B64-8E53-9D592E5B7991}"
EndProject
Project("{FAE04EC0-301F-11D3-BF4B-00C04F79EFBC}") = "CoffeeLight.Droid", "CoffeeLight\CoffeeLight.Droid\CoffeeLight.Droid.csproj", "{E633CAC4-1A3C-4812-89AC-25654E7CD5F6}"
EndProject
Global
	GlobalSection(SolutionConfigurationPlatforms) = preSolution
		Ad-Hoc|Any CPU = Ad-Hoc|Any CPU
		Ad-Hoc|iPhone = Ad-Hoc|iPhone
		Ad-Hoc|iPhoneSimulator = Ad-Hoc|iPhoneSimulator
		AppStore|Any CPU = AppStore|Any CPU
		AppStore|iPhone = AppStore|iPhone
		AppStore|iPhoneSimulator = AppStore|iPhoneSimulator
		Debug|Any CPU = Debug|Any CPU
		Debug|iPhone = Debug|iPhone
		Debug|iPhoneSimulator = Debug|iPhoneSimulator
		Release|Any CPU = Release|Any CPU
		Release|iPhone = Release|iPhone
		Release|iPhoneSimulator = Release|iPhoneSimulator
	EndGlobalSection
	GlobalSection(ProjectConfigurationPlatforms) = postSolution
		{319AFB7B-B562-48AE-831F-33E78514C222}.Ad-Hoc|Any CPU.ActiveCfg = Release|Any CPU
		{319AFB7B-B562-48AE-831F-33E78514C222}.Ad-Hoc|Any CPU.Build.0 = Release|Any CPU
		{319AFB7B-B562-48AE-831F-33E78514C222}.Ad-Hoc|iPhone.ActiveCfg = Release|Any CPU
		{319AFB7B-B562-48AE-831F-33E78514C222}.Ad-Hoc|iPhone.Build.0 = Release|Any CPU
		{319AFB7B-B562-48AE-831F-33E78514C222}.Ad-Hoc|iPhoneSimulator.ActiveCfg = Release|Any CPU
		{319AFB7B-B562-48AE-831F-33E78514C222}.Ad-Hoc|iPhoneSimulator.Build.0 = Release|Any CPU
		{319AFB7B-B562-48AE-831F-33E78514C222}.AppStore|Any CPU.ActiveCfg = Release|Any CPU
		{319AFB7B-B562-48AE-831F-33E78514C222}.AppStore|Any CPU.Build.0 = Release|Any CPU
		{319AFB7B-B562-48AE-831F-33E78514C222}.AppStore|iPhone.ActiveCfg = Release|Any CPU
		{319AFB7B-B562-48AE-831F-33E78514C222}.AppStore|iPhone.Build.0 = Release|Any CPU
		{319AFB7B-B562-48AE-831F-33E78514C222}.AppStore|iPhoneSimulator.ActiveCfg = Release|Any CPU
		{319AFB7B-B562-48AE-831F-33E78514C222}.AppStore|iPhoneSimulator.Build.0 = Release|Any CPU
		{319AFB7B-B562-48AE-831F-33E78514C222}.Debug|Any CPU.ActiveCfg = Debug|Any CPU
		{319AFB7B-B562-48AE-831F-33E78514C222}.Debug|Any CPU.Build.0 = Debug|Any CPU
		{319AFB7B-B562-48AE-831F-33E78514C222}.Debug|iPhone.ActiveCfg = Debug|Any CPU
		{319AFB7B-B562-48AE-831F-33E78514C222}.Debug|iPhone.Build.0 = Debug|Any CPU
		{319AFB7B-B562-48AE-831F-33E78514C222}.Debug|iPhoneSimulator.ActiveCfg = Debug|Any CPU
		{319AFB7B-B562-48AE-831F-33E78514C222}.Debug|iPhoneSimulator.Build.0 = Debug|Any CPU
		{319AFB7B-B562-48AE-831F-33E78514C222}.Release|Any CPU.ActiveCfg = Release|Any CPU
		{319AFB7B-B562-48AE-831F-33E78514C222}.Release|Any CPU.Build.0 = Release|Any CPU
		{319AFB7B-B562-48AE-831F-33E78514C222}.Release|iPhone.ActiveCfg = Release|Any CPU
		{319AFB7B-B562-48AE-831F-33E78514C222}.Release|iPhone.Build.0 = Release|Any CPU
		{319AFB7B-B562-48AE-831F-33E78514C222}.Release|iPhoneSimulator.ActiveCfg = Release|Any CPU
		{319AFB7B-B562-48AE-831F-33E78514C222}.Release|iPhoneSimulator.Build.0 = Release|Any CPU
		{750F88A9-20C5-47A2-BA8D-0C86487EE15F}.Ad-Hoc|Any CPU.ActiveCfg = Release|Any CPU
		{750F88A9-20C5-47A2-BA8D-0C86487EE15F}.Ad-Hoc|Any CPU.Build.0 = Release|Any CPU
		{750F88A9-20C5-47A2-BA8D-0C86487EE15F}.Ad-Hoc|iPhone.ActiveCfg = Release|Any CPU
		{750F88A9-20C5-47A2-BA8D-0C86487EE15F}.Ad-Hoc|iPhone.Build.0 = Release|Any CPU
		{750F88A9-20C5-47A2-BA8D-0C86487EE15F}.Ad-Hoc|iPhoneSimulator.ActiveCfg = Release|Any CPU
		{750F88A9-20C5-47A2-BA8D-0C86487EE15F}.Ad-Hoc|iPhoneSimulator.Build.0 = Release|Any CPU
		{750F88A9-20C5-47A2-BA8D-0C86487EE15F}.AppStore|Any CPU.ActiveCfg = Release|Any CPU
		{750F88A9-20C5-47A2-BA8D-0C86487EE15F}.AppStore|Any CPU.Build.0 = Release|Any CPU
		{750F88A9-20C5-47A2-BA8D-0C86487EE15F}.AppStore|iPhone.ActiveCfg = Release|Any CPU
		{750F88A9-20C5-47A2-BA8D-0C86487EE15F}.AppStore|iPhone.Build.0 = Release|Any CPU
		{750F88A9-20C5-47A2-BA8D-0C86487EE15F}.AppStore|iPhoneSimulator.ActiveCfg = Release|Any CPU
		{750F88A9-20C5-47A2-BA8D-0C86487EE15F}.AppStore|iPhoneSimulator.Build.0 = Release|Any CPU
		{750F88A9-20C5-47A2-BA8D-0C86487EE15F}.Debug|Any CPU.ActiveCfg = Debug|Any CPU
		{750F88A9-20C5-47A2-BA8D-0C86487EE15F}.Debug|Any CPU.Build.0 = Debug|Any CPU
		{750F88A9-20C5-47A2-BA8D-0C86487EE15F}.Debug|iPhone.ActiveCfg = Debug|Any CPU
		{750F88A9-20C5-47A2-BA8D-0C86487EE15F}.Debug|iPhone.Build.0 = Debug|Any CPU
		{750F88A9-20C5-47A2-BA8D-0C86487EE15F}.Debug|iPhoneSimulator.ActiveCfg = Debug|Any CPU
		{750F88A9-20C5-47A2-BA8D-0C86487EE15F}.Debug|iPhoneSimulator.Build.0 = Debug|Any CPU
		{750F88A9-20C5-47A2-BA8D-0C86487EE15F}.Release|Any CPU.ActiveCfg = Release|Any CPU
		{750F88A9-20C5-47A2-BA8D-0C86487EE15F}.Release|Any CPU.Build.0 = Release|Any CPU
		{750F88A9-20C5-47A2-BA8D-0C86487EE15F}.Release|iPhone.ActiveCfg = Release|Any CPU
		{750F88A9-20C5-47A2-BA8D-0C86487EE15F}.Release|iPhone.Build.0 = Release|Any CPU
		{750F88A9-20C5-47A2-BA8D-0C86487EE15F}.Release|iPhoneSimulator.ActiveCfg = Release|Any CPU
		{750F88A9-20C5-47A2-BA8D-0C86487EE15F}.Release|iPhoneSimulator.Build.0 = Release|Any CPU
		{19119D34-DFCA-4F34-8AB6-A15DD34C0E45}.Ad-Hoc|Any CPU.ActiveCfg = Release|iPhoneSimulator
		{19119D34-DFCA-4F34-8AB6-A15DD34C0E45}.Ad-Hoc|Any CPU.Build.0 = Release|iPhoneSimulator
		{19119D34-DFCA-4F34-8AB6-A15DD34C0E45}.Ad-Hoc|iPhone.ActiveCfg = Release|iPhone
		{19119D34-DFCA-4F34-8AB6-A15DD34C0E45}.Ad-Hoc|iPhone.Build.0 = Release|iPhone
		{19119D34-DFCA-4F34-8AB6-A15DD34C0E45}.Ad-Hoc|iPhoneSimulator.ActiveCfg = Release|iPhoneSimulator
		{19119D34-DFCA-4F34-8AB6-A15DD34C0E45}.Ad-Hoc|iPhoneSimulator.Build.0 = Release|iPhoneSimulator
		{19119D34-DFCA-4F34-8AB6-A15DD34C0E45}.AppStore|Any CPU.ActiveCfg = Release|iPhoneSimulator
		{19119D34-DFCA-4F34-8AB6-A15DD34C0E45}.AppStore|Any CPU.Build.0 = Release|iPhoneSimulator
		{19119D34-DFCA-4F34-8AB6-A15DD34C0E45}.AppStore|iPhone.ActiveCfg = Release|iPhone
		{19119D34-DFCA-4F34-8AB6-A15DD34C0E45}.AppStore|iPhone.Build.0 = Release|iPhone
		{19119D34-DFCA-4F34-8AB6-A15DD34C0E45}.AppStore|iPhoneSimulator.ActiveCfg = Release|iPhoneSimulator
		{19119D34-DFCA-4F34-8AB6-A15DD34C0E45}.AppStore|iPhoneSimulator.Build.0 = Release|iPhoneSimulator
		{19119D34-DFCA-4F34-8AB6-A15DD34C0E45}.Debug|Any CPU.ActiveCfg = Debug|iPhoneSimulator
		{19119D34-DFCA-4F34-8AB6-A15DD34C0E45}.Debug|iPhone.ActiveCfg = Debug|iPhone
		{19119D34-DFCA-4F34-8AB6-A15DD34C0E45}.Debug|iPhone.Build.0 = Debug|iPhone
		{19119D34-DFCA-4F34-8AB6-A15DD34C0E45}.Debug|iPhoneSimulator.ActiveCfg = Debug|iPhoneSimulator
		{19119D34-DFCA-4F34-8AB6-A15DD34C0E45}.Debug|iPhoneSimulator.Build.0 = Debug|iPhoneSimulator
		{19119D34-DFCA-4F34-8AB6-A15DD34C0E45}.Release|Any CPU.ActiveCfg = Release|iPhoneSimulator
		{19119D34-DFCA-4F34-8AB6-A15DD34C0E45}.Release|iPhone.ActiveCfg = Release|iPhone
		{19119D34-DFCA-4F34-8AB6-A15DD34C0E45}.Release|iPhone.Build.0 = Release|iPhone
		{19119D34-DFCA-4F34-8AB6-A15DD34C0E45}.Release|iPhoneSimulator.ActiveCfg = Release|iPhoneSimulator
		{19119D34-DFCA-4F34-8AB6-A15DD34C0E45}.Release|iPhoneSimulator.Build.0 = Release|iPhoneSimulator
		{29C83ED4-AEE4-4A6B-AAE8-676FF0885252}.Ad-Hoc|Any CPU.ActiveCfg = Release|Any CPU
		{29C83ED4-AEE4-4A6B-AAE8-676FF0885252}.Ad-Hoc|Any CPU.Build.0 = Release|Any CPU
		{29C83ED4-AEE4-4A6B-AAE8-676FF0885252}.Ad-Hoc|Any CPU.Deploy.0 = Release|Any CPU
		{29C83ED4-AEE4-4A6B-AAE8-676FF0885252}.Ad-Hoc|iPhone.ActiveCfg = Release|Any CPU
		{29C83ED4-AEE4-4A6B-AAE8-676FF0885252}.Ad-Hoc|iPhone.Build.0 = Release|Any CPU
		{29C83ED4-AEE4-4A6B-AAE8-676FF0885252}.Ad-Hoc|iPhone.Deploy.0 = Release|Any CPU
		{29C83ED4-AEE4-4A6B-AAE8-676FF0885252}.Ad-Hoc|iPhoneSimulator.ActiveCfg = Release|Any CPU
		{29C83ED4-AEE4-4A6B-AAE8-676FF0885252}.Ad-Hoc|iPhoneSimulator.Build.0 = Release|Any CPU
		{29C83ED4-AEE4-4A6B-AAE8-676FF0885252}.Ad-Hoc|iPhoneSimulator.Deploy.0 = Release|Any CPU
		{29C83ED4-AEE4-4A6B-AAE8-676FF0885252}.AppStore|Any CPU.ActiveCfg = Release|Any CPU
		{29C83ED4-AEE4-4A6B-AAE8-676FF0885252}.AppStore|Any CPU.Build.0 = Release|Any CPU
		{29C83ED4-AEE4-4A6B-AAE8-676FF0885252}.AppStore|Any CPU.Deploy.0 = Release|Any CPU
		{29C83ED4-AEE4-4A6B-AAE8-676FF0885252}.AppStore|iPhone.ActiveCfg = Release|Any CPU
		{29C83ED4-AEE4-4A6B-AAE8-676FF0885252}.AppStore|iPhone.Build.0 = Release|Any CPU
		{29C83ED4-AEE4-4A6B-AAE8-676FF0885252}.AppStore|iPhone.Deploy.0 = Release|Any CPU
		{29C83ED4-AEE4-4A6B-AAE8-676FF0885252}.AppStore|iPhoneSimulator.ActiveCfg = Release|Any CPU
		{29C83ED4-AEE4-4A6B-AAE8-676FF0885252}.AppStore|iPhoneSimulator.Build.0 = Release|Any CPU
		{29C83ED4-AEE4-4A6B-AAE8-676FF0885252}.AppStore|iPhoneSimulator.Deploy.0 = Release|Any CPU
		{29C83ED4-AEE4-4A6B-AAE8-676FF0885252}.Debug|Any CPU.ActiveCfg = Debug|Any CPU
		{29C83ED4-AEE4-4A6B-AAE8-676FF0885252}.Debug|Any CPU.Build.0 = Debug|Any CPU
		{29C83ED4-AEE4-4A6B-AAE8-676FF0885252}.Debug|Any CPU.Deploy.0 = Debug|Any CPU
		{29C83ED4-AEE4-4A6B-AAE8-676FF0885252}.Debug|iPhone.ActiveCfg = Debug|Any CPU
		{29C83ED4-AEE4-4A6B-AAE8-676FF0885252}.Debug|iPhone.Build.0 = Debug|Any CPU
		{29C83ED4-AEE4-4A6B-AAE8-676FF0885252}.Debug|iPhoneSimulator.ActiveCfg = Debug|Any CPU
		{29C83ED4-AEE4-4A6B-AAE8-676FF0885252}.Debug|iPhoneSimulator.Build.0 = Debug|Any CPU
		{29C83ED4-AEE4-4A6B-AAE8-676FF0885252}.Release|Any CPU.ActiveCfg = Release|Any CPU
		{29C83ED4-AEE4-4A6B-AAE8-676FF0885252}.Release|Any CPU.Build.0 = Release|Any CPU
		{29C83ED4-AEE4-4A6B-AAE8-676FF0885252}.Release|Any CPU.Deploy.0 = Release|Any CPU
		{29C83ED4-AEE4-4A6B-AAE8-676FF0885252}.Release|iPhone.ActiveCfg = Release|Any CPU
		{29C83ED4-AEE4-4A6B-AAE8-676FF0885252}.Release|iPhone.Build.0 = Release|Any CPU
		{29C83ED4-AEE4-4A6B-AAE8-676FF0885252}.Release|iPhoneSimulator.ActiveCfg = Release|Any CPU
		{29C83ED4-AEE4-4A6B-AAE8-676FF0885252}.Release|iPhoneSimulator.Build.0 = Release|Any CPU
		{792AC84B-4A28-483E-8D24-FBF4937AA7F9}.Ad-Hoc|Any CPU.ActiveCfg = Release|Any CPU
		{792AC84B-4A28-483E-8D24-FBF4937AA7F9}.Ad-Hoc|Any CPU.Build.0 = Release|Any CPU
		{792AC84B-4A28-483E-8D24-FBF4937AA7F9}.Ad-Hoc|iPhone.ActiveCfg = Release|Any CPU
		{792AC84B-4A28-483E-8D24-FBF4937AA7F9}.Ad-Hoc|iPhone.Build.0 = Release|Any CPU
		{792AC84B-4A28-483E-8D24-FBF4937AA7F9}.Ad-Hoc|iPhoneSimulator.ActiveCfg = Release|Any CPU
		{792AC84B-4A28-483E-8D24-FBF4937AA7F9}.Ad-Hoc|iPhoneSimulator.Build.0 = Release|Any CPU
		{792AC84B-4A28-483E-8D24-FBF4937AA7F9}.AppStore|Any CPU.ActiveCfg = Release|Any CPU
		{792AC84B-4A28-483E-8D24-FBF4937AA7F9}.AppStore|Any CPU.Build.0 = Release|Any CPU
		{792AC84B-4A28-483E-8D24-FBF4937AA7F9}.AppStore|iPhone.ActiveCfg = Release|Any CPU
		{792AC84B-4A28-483E-8D24-FBF4937AA7F9}.AppStore|iPhone.Build.0 = Release|Any CPU
		{792AC84B-4A28-483E-8D24-FBF4937AA7F9}.AppStore|iPhoneSimulator.ActiveCfg = Release|Any CPU
		{792AC84B-4A28-483E-8D24-FBF4937AA7F9}.AppStore|iPhoneSimulator.Build.0 = Release|Any CPU
		{792AC84B-4A28-483E-8D24-FBF4937AA7F9}.Debug|Any CPU.ActiveCfg = Debug|Any CPU
		{792AC84B-4A28-483E-8D24-FBF4937AA7F9}.Debug|Any CPU.Build.0 = Debug|Any CPU
		{792AC84B-4A28-483E-8D24-FBF4937AA7F9}.Debug|iPhone.ActiveCfg = Debug|Any CPU
		{792AC84B-4A28-483E-8D24-FBF4937AA7F9}.Debug|iPhone.Build.0 = Debug|Any CPU
		{792AC84B-4A28-483E-8D24-FBF4937AA7F9}.Debug|iPhoneSimulator.ActiveCfg = Debug|Any CPU
		{792AC84B-4A28-483E-8D24-FBF4937AA7F9}.Debug|iPhoneSimulator.Build.0 = Debug|Any CPU
		{792AC84B-4A28-483E-8D24-FBF4937AA7F9}.Release|Any CPU.ActiveCfg = Release|Any CPU
		{792AC84B-4A28-483E-8D24-FBF4937AA7F9}.Release|Any CPU.Build.0 = Release|Any CPU
		{792AC84B-4A28-483E-8D24-FBF4937AA7F9}.Release|iPhone.ActiveCfg = Release|Any CPU
		{792AC84B-4A28-483E-8D24-FBF4937AA7F9}.Release|iPhone.Build.0 = Release|Any CPU
		{792AC84B-4A28-483E-8D24-FBF4937AA7F9}.Release|iPhoneSimulator.ActiveCfg = Release|Any CPU
		{792AC84B-4A28-483E-8D24-FBF4937AA7F9}.Release|iPhoneSimulator.Build.0 = Release|Any CPU
		{751D55D8-8A9B-46D8-9261-816E225FB79D}.Ad-Hoc|Any CPU.ActiveCfg = Ad-Hoc|iPhone
		{751D55D8-8A9B-46D8-9261-816E225FB79D}.Ad-Hoc|iPhone.ActiveCfg = Ad-Hoc|iPhone
		{751D55D8-8A9B-46D8-9261-816E225FB79D}.Ad-Hoc|iPhone.Build.0 = Ad-Hoc|iPhone
		{751D55D8-8A9B-46D8-9261-816E225FB79D}.Ad-Hoc|iPhoneSimulator.ActiveCfg = Ad-Hoc|iPhoneSimulator
		{751D55D8-8A9B-46D8-9261-816E225FB79D}.Ad-Hoc|iPhoneSimulator.Build.0 = Ad-Hoc|iPhoneSimulator
		{751D55D8-8A9B-46D8-9261-816E225FB79D}.AppStore|Any CPU.ActiveCfg = AppStore|iPhone
		{751D55D8-8A9B-46D8-9261-816E225FB79D}.AppStore|iPhone.ActiveCfg = AppStore|iPhone
		{751D55D8-8A9B-46D8-9261-816E225FB79D}.AppStore|iPhone.Build.0 = AppStore|iPhone
		{751D55D8-8A9B-46D8-9261-816E225FB79D}.AppStore|iPhoneSimulator.ActiveCfg = AppStore|iPhoneSimulator
		{751D55D8-8A9B-46D8-9261-816E225FB79D}.AppStore|iPhoneSimulator.Build.0 = AppStore|iPhoneSimulator
		{751D55D8-8A9B-46D8-9261-816E225FB79D}.Debug|Any CPU.ActiveCfg = Debug|iPhone
		{751D55D8-8A9B-46D8-9261-816E225FB79D}.Debug|iPhone.ActiveCfg = Debug|iPhone
		{751D55D8-8A9B-46D8-9261-816E225FB79D}.Debug|iPhone.Build.0 = Debug|iPhone
		{751D55D8-8A9B-46D8-9261-816E225FB79D}.Debug|iPhoneSimulator.ActiveCfg = Debug|iPhoneSimulator
		{751D55D8-8A9B-46D8-9261-816E225FB79D}.Debug|iPhoneSimulator.Build.0 = Debug|iPhoneSimulator
		{751D55D8-8A9B-46D8-9261-816E225FB79D}.Release|Any CPU.ActiveCfg = Release|iPhone
		{751D55D8-8A9B-46D8-9261-816E225FB79D}.Release|iPhone.ActiveCfg = Release|iPhone
		{751D55D8-8A9B-46D8-9261-816E225FB79D}.Release|iPhone.Build.0 = Release|iPhone
		{751D55D8-8A9B-46D8-9261-816E225FB79D}.Release|iPhoneSimulator.ActiveCfg = Release|iPhoneSimulator
		{751D55D8-8A9B-46D8-9261-816E225FB79D}.Release|iPhoneSimulator.Build.0 = Release|iPhoneSimulator
		{D8A447BF-B6E8-46C1-87E0-38FD3AC8DD06}.Ad-Hoc|Any CPU.ActiveCfg = Release|Any CPU
		{D8A447BF-B6E8-46C1-87E0-38FD3AC8DD06}.Ad-Hoc|Any CPU.Build.0 = Release|Any CPU
		{D8A447BF-B6E8-46C1-87E0-38FD3AC8DD06}.Ad-Hoc|iPhone.ActiveCfg = Release|Any CPU
		{D8A447BF-B6E8-46C1-87E0-38FD3AC8DD06}.Ad-Hoc|iPhone.Build.0 = Release|Any CPU
		{D8A447BF-B6E8-46C1-87E0-38FD3AC8DD06}.Ad-Hoc|iPhoneSimulator.ActiveCfg = Release|Any CPU
		{D8A447BF-B6E8-46C1-87E0-38FD3AC8DD06}.Ad-Hoc|iPhoneSimulator.Build.0 = Release|Any CPU
		{D8A447BF-B6E8-46C1-87E0-38FD3AC8DD06}.AppStore|Any CPU.ActiveCfg = Release|Any CPU
		{D8A447BF-B6E8-46C1-87E0-38FD3AC8DD06}.AppStore|Any CPU.Build.0 = Release|Any CPU
		{D8A447BF-B6E8-46C1-87E0-38FD3AC8DD06}.AppStore|iPhone.ActiveCfg = Release|Any CPU
		{D8A447BF-B6E8-46C1-87E0-38FD3AC8DD06}.AppStore|iPhone.Build.0 = Release|Any CPU
		{D8A447BF-B6E8-46C1-87E0-38FD3AC8DD06}.AppStore|iPhoneSimulator.ActiveCfg = Release|Any CPU
		{D8A447BF-B6E8-46C1-87E0-38FD3AC8DD06}.AppStore|iPhoneSimulator.Build.0 = Release|Any CPU
		{D8A447BF-B6E8-46C1-87E0-38FD3AC8DD06}.Debug|Any CPU.ActiveCfg = Debug|Any CPU
		{D8A447BF-B6E8-46C1-87E0-38FD3AC8DD06}.Debug|Any CPU.Build.0 = Debug|Any CPU
		{D8A447BF-B6E8-46C1-87E0-38FD3AC8DD06}.Debug|iPhone.ActiveCfg = Debug|Any CPU
		{D8A447BF-B6E8-46C1-87E0-38FD3AC8DD06}.Debug|iPhone.Build.0 = Debug|Any CPU
		{D8A447BF-B6E8-46C1-87E0-38FD3AC8DD06}.Debug|iPhoneSimulator.ActiveCfg = Debug|Any CPU
		{D8A447BF-B6E8-46C1-87E0-38FD3AC8DD06}.Debug|iPhoneSimulator.Build.0 = Debug|Any CPU
		{D8A447BF-B6E8-46C1-87E0-38FD3AC8DD06}.Release|Any CPU.ActiveCfg = Release|Any CPU
		{D8A447BF-B6E8-46C1-87E0-38FD3AC8DD06}.Release|Any CPU.Build.0 = Release|Any CPU
		{D8A447BF-B6E8-46C1-87E0-38FD3AC8DD06}.Release|iPhone.ActiveCfg = Release|Any CPU
		{D8A447BF-B6E8-46C1-87E0-38FD3AC8DD06}.Release|iPhone.Build.0 = Release|Any CPU
		{D8A447BF-B6E8-46C1-87E0-38FD3AC8DD06}.Release|iPhoneSimulator.ActiveCfg = Release|Any CPU
		{D8A447BF-B6E8-46C1-87E0-38FD3AC8DD06}.Release|iPhoneSimulator.Build.0 = Release|Any CPU
		{EACDCE2C-66D0-437F-96C0-524828D8B851}.Ad-Hoc|Any CPU.ActiveCfg = Release|iPhoneSimulator
		{EACDCE2C-66D0-437F-96C0-524828D8B851}.Ad-Hoc|Any CPU.Build.0 = Release|iPhoneSimulator
		{EACDCE2C-66D0-437F-96C0-524828D8B851}.Ad-Hoc|iPhone.ActiveCfg = Release|iPhone
		{EACDCE2C-66D0-437F-96C0-524828D8B851}.Ad-Hoc|iPhone.Build.0 = Release|iPhone
		{EACDCE2C-66D0-437F-96C0-524828D8B851}.Ad-Hoc|iPhoneSimulator.ActiveCfg = Release|iPhoneSimulator
		{EACDCE2C-66D0-437F-96C0-524828D8B851}.Ad-Hoc|iPhoneSimulator.Build.0 = Release|iPhoneSimulator
		{EACDCE2C-66D0-437F-96C0-524828D8B851}.AppStore|Any CPU.ActiveCfg = Release|iPhoneSimulator
		{EACDCE2C-66D0-437F-96C0-524828D8B851}.AppStore|Any CPU.Build.0 = Release|iPhoneSimulator
		{EACDCE2C-66D0-437F-96C0-524828D8B851}.AppStore|iPhone.ActiveCfg = Release|iPhone
		{EACDCE2C-66D0-437F-96C0-524828D8B851}.AppStore|iPhone.Build.0 = Release|iPhone
		{EACDCE2C-66D0-437F-96C0-524828D8B851}.AppStore|iPhoneSimulator.ActiveCfg = Release|iPhoneSimulator
		{EACDCE2C-66D0-437F-96C0-524828D8B851}.AppStore|iPhoneSimulator.Build.0 = Release|iPhoneSimulator
		{EACDCE2C-66D0-437F-96C0-524828D8B851}.Debug|Any CPU.ActiveCfg = Debug|iPhoneSimulator
		{EACDCE2C-66D0-437F-96C0-524828D8B851}.Debug|iPhone.ActiveCfg = Debug|iPhone
		{EACDCE2C-66D0-437F-96C0-524828D8B851}.Debug|iPhone.Build.0 = Debug|iPhone
		{EACDCE2C-66D0-437F-96C0-524828D8B851}.Debug|iPhoneSimulator.ActiveCfg = Debug|iPhoneSimulator
		{EACDCE2C-66D0-437F-96C0-524828D8B851}.Debug|iPhoneSimulator.Build.0 = Debug|iPhoneSimulator
		{EACDCE2C-66D0-437F-96C0-524828D8B851}.Release|Any CPU.ActiveCfg = Release|iPhoneSimulator
		{EACDCE2C-66D0-437F-96C0-524828D8B851}.Release|iPhone.ActiveCfg = Release|iPhone
		{EACDCE2C-66D0-437F-96C0-524828D8B851}.Release|iPhone.Build.0 = Release|iPhone
		{EACDCE2C-66D0-437F-96C0-524828D8B851}.Release|iPhoneSimulator.ActiveCfg = Release|iPhoneSimulator
		{EACDCE2C-66D0-437F-96C0-524828D8B851}.Release|iPhoneSimulator.Build.0 = Release|iPhoneSimulator
		{70C53482-B597-41E1-B87B-6C31FB80B8FF}.Ad-Hoc|Any CPU.ActiveCfg = Release|Any CPU
		{70C53482-B597-41E1-B87B-6C31FB80B8FF}.Ad-Hoc|Any CPU.Build.0 = Release|Any CPU
		{70C53482-B597-41E1-B87B-6C31FB80B8FF}.Ad-Hoc|Any CPU.Deploy.0 = Release|Any CPU
		{70C53482-B597-41E1-B87B-6C31FB80B8FF}.Ad-Hoc|iPhone.ActiveCfg = Release|Any CPU
		{70C53482-B597-41E1-B87B-6C31FB80B8FF}.Ad-Hoc|iPhone.Build.0 = Release|Any CPU
		{70C53482-B597-41E1-B87B-6C31FB80B8FF}.Ad-Hoc|iPhone.Deploy.0 = Release|Any CPU
		{70C53482-B597-41E1-B87B-6C31FB80B8FF}.Ad-Hoc|iPhoneSimulator.ActiveCfg = Release|Any CPU
		{70C53482-B597-41E1-B87B-6C31FB80B8FF}.Ad-Hoc|iPhoneSimulator.Build.0 = Release|Any CPU
		{70C53482-B597-41E1-B87B-6C31FB80B8FF}.Ad-Hoc|iPhoneSimulator.Deploy.0 = Release|Any CPU
		{70C53482-B597-41E1-B87B-6C31FB80B8FF}.AppStore|Any CPU.ActiveCfg = Release|Any CPU
		{70C53482-B597-41E1-B87B-6C31FB80B8FF}.AppStore|Any CPU.Build.0 = Release|Any CPU
		{70C53482-B597-41E1-B87B-6C31FB80B8FF}.AppStore|Any CPU.Deploy.0 = Release|Any CPU
		{70C53482-B597-41E1-B87B-6C31FB80B8FF}.AppStore|iPhone.ActiveCfg = Release|Any CPU
		{70C53482-B597-41E1-B87B-6C31FB80B8FF}.AppStore|iPhone.Build.0 = Release|Any CPU
		{70C53482-B597-41E1-B87B-6C31FB80B8FF}.AppStore|iPhone.Deploy.0 = Release|Any CPU
		{70C53482-B597-41E1-B87B-6C31FB80B8FF}.AppStore|iPhoneSimulator.ActiveCfg = Release|Any CPU
		{70C53482-B597-41E1-B87B-6C31FB80B8FF}.AppStore|iPhoneSimulator.Build.0 = Release|Any CPU
		{70C53482-B597-41E1-B87B-6C31FB80B8FF}.AppStore|iPhoneSimulator.Deploy.0 = Release|Any CPU
		{70C53482-B597-41E1-B87B-6C31FB80B8FF}.Debug|Any CPU.ActiveCfg = Debug|Any CPU
		{70C53482-B597-41E1-B87B-6C31FB80B8FF}.Debug|Any CPU.Build.0 = Debug|Any CPU
		{70C53482-B597-41E1-B87B-6C31FB80B8FF}.Debug|Any CPU.Deploy.0 = Debug|Any CPU
		{70C53482-B597-41E1-B87B-6C31FB80B8FF}.Debug|iPhone.ActiveCfg = Debug|Any CPU
		{70C53482-B597-41E1-B87B-6C31FB80B8FF}.Debug|iPhone.Build.0 = Debug|Any CPU
		{70C53482-B597-41E1-B87B-6C31FB80B8FF}.Debug|iPhoneSimulator.ActiveCfg = Debug|Any CPU
		{70C53482-B597-41E1-B87B-6C31FB80B8FF}.Debug|iPhoneSimulator.Build.0 = Debug|Any CPU
		{70C53482-B597-41E1-B87B-6C31FB80B8FF}.Debug|iPhoneSimulator.Deploy.0 = Debug|Any CPU
		{70C53482-B597-41E1-B87B-6C31FB80B8FF}.Release|Any CPU.ActiveCfg = Release|Any CPU
		{70C53482-B597-41E1-B87B-6C31FB80B8FF}.Release|Any CPU.Build.0 = Release|Any CPU
		{70C53482-B597-41E1-B87B-6C31FB80B8FF}.Release|Any CPU.Deploy.0 = Release|Any CPU
		{70C53482-B597-41E1-B87B-6C31FB80B8FF}.Release|iPhone.ActiveCfg = Release|Any CPU
		{70C53482-B597-41E1-B87B-6C31FB80B8FF}.Release|iPhone.Build.0 = Release|Any CPU
		{70C53482-B597-41E1-B87B-6C31FB80B8FF}.Release|iPhoneSimulator.ActiveCfg = Release|Any CPU
		{70C53482-B597-41E1-B87B-6C31FB80B8FF}.Release|iPhoneSimulator.Build.0 = Release|Any CPU
		{2FA07A86-EE0C-4698-90FB-B678B06A7974}.Ad-Hoc|Any CPU.ActiveCfg = Release|iPhoneSimulator
		{2FA07A86-EE0C-4698-90FB-B678B06A7974}.Ad-Hoc|Any CPU.Build.0 = Release|iPhoneSimulator
		{2FA07A86-EE0C-4698-90FB-B678B06A7974}.Ad-Hoc|iPhone.ActiveCfg = Release|iPhone
		{2FA07A86-EE0C-4698-90FB-B678B06A7974}.Ad-Hoc|iPhone.Build.0 = Release|iPhone
		{2FA07A86-EE0C-4698-90FB-B678B06A7974}.Ad-Hoc|iPhoneSimulator.ActiveCfg = Release|iPhoneSimulator
		{2FA07A86-EE0C-4698-90FB-B678B06A7974}.Ad-Hoc|iPhoneSimulator.Build.0 = Release|iPhoneSimulator
		{2FA07A86-EE0C-4698-90FB-B678B06A7974}.AppStore|Any CPU.ActiveCfg = Release|iPhoneSimulator
		{2FA07A86-EE0C-4698-90FB-B678B06A7974}.AppStore|Any CPU.Build.0 = Release|iPhoneSimulator
		{2FA07A86-EE0C-4698-90FB-B678B06A7974}.AppStore|iPhone.ActiveCfg = Release|iPhone
		{2FA07A86-EE0C-4698-90FB-B678B06A7974}.AppStore|iPhone.Build.0 = Release|iPhone
		{2FA07A86-EE0C-4698-90FB-B678B06A7974}.AppStore|iPhoneSimulator.ActiveCfg = Release|iPhoneSimulator
		{2FA07A86-EE0C-4698-90FB-B678B06A7974}.AppStore|iPhoneSimulator.Build.0 = Release|iPhoneSimulator
		{2FA07A86-EE0C-4698-90FB-B678B06A7974}.Debug|Any CPU.ActiveCfg = Debug|iPhoneSimulator
		{2FA07A86-EE0C-4698-90FB-B678B06A7974}.Debug|iPhone.ActiveCfg = Debug|iPhone
		{2FA07A86-EE0C-4698-90FB-B678B06A7974}.Debug|iPhone.Build.0 = Debug|iPhone
		{2FA07A86-EE0C-4698-90FB-B678B06A7974}.Debug|iPhoneSimulator.ActiveCfg = Debug|iPhoneSimulator
		{2FA07A86-EE0C-4698-90FB-B678B06A7974}.Debug|iPhoneSimulator.Build.0 = Debug|iPhoneSimulator
		{2FA07A86-EE0C-4698-90FB-B678B06A7974}.Release|Any CPU.ActiveCfg = Release|iPhoneSimulator
		{2FA07A86-EE0C-4698-90FB-B678B06A7974}.Release|iPhone.ActiveCfg = Release|iPhone
		{2FA07A86-EE0C-4698-90FB-B678B06A7974}.Release|iPhone.Build.0 = Release|iPhone
		{2FA07A86-EE0C-4698-90FB-B678B06A7974}.Release|iPhoneSimulator.ActiveCfg = Release|iPhoneSimulator
		{2FA07A86-EE0C-4698-90FB-B678B06A7974}.Release|iPhoneSimulator.Build.0 = Release|iPhoneSimulator
		{3B0517B2-85FE-4DDB-B54F-6EA0A9A39DF1}.Ad-Hoc|Any CPU.ActiveCfg = Release|iPhoneSimulator
		{3B0517B2-85FE-4DDB-B54F-6EA0A9A39DF1}.Ad-Hoc|Any CPU.Build.0 = Release|iPhoneSimulator
		{3B0517B2-85FE-4DDB-B54F-6EA0A9A39DF1}.Ad-Hoc|iPhone.ActiveCfg = Release|iPhone
		{3B0517B2-85FE-4DDB-B54F-6EA0A9A39DF1}.Ad-Hoc|iPhone.Build.0 = Release|iPhone
		{3B0517B2-85FE-4DDB-B54F-6EA0A9A39DF1}.Ad-Hoc|iPhoneSimulator.ActiveCfg = Release|iPhoneSimulator
		{3B0517B2-85FE-4DDB-B54F-6EA0A9A39DF1}.Ad-Hoc|iPhoneSimulator.Build.0 = Release|iPhoneSimulator
		{3B0517B2-85FE-4DDB-B54F-6EA0A9A39DF1}.AppStore|Any CPU.ActiveCfg = Release|iPhoneSimulator
		{3B0517B2-85FE-4DDB-B54F-6EA0A9A39DF1}.AppStore|Any CPU.Build.0 = Release|iPhoneSimulator
		{3B0517B2-85FE-4DDB-B54F-6EA0A9A39DF1}.AppStore|iPhone.ActiveCfg = Release|iPhone
		{3B0517B2-85FE-4DDB-B54F-6EA0A9A39DF1}.AppStore|iPhone.Build.0 = Release|iPhone
		{3B0517B2-85FE-4DDB-B54F-6EA0A9A39DF1}.AppStore|iPhoneSimulator.ActiveCfg = Release|iPhoneSimulator
		{3B0517B2-85FE-4DDB-B54F-6EA0A9A39DF1}.AppStore|iPhoneSimulator.Build.0 = Release|iPhoneSimulator
		{3B0517B2-85FE-4DDB-B54F-6EA0A9A39DF1}.Debug|Any CPU.ActiveCfg = Debug|iPhoneSimulator
		{3B0517B2-85FE-4DDB-B54F-6EA0A9A39DF1}.Debug|iPhone.ActiveCfg = Debug|iPhone
		{3B0517B2-85FE-4DDB-B54F-6EA0A9A39DF1}.Debug|iPhone.Build.0 = Debug|iPhone
		{3B0517B2-85FE-4DDB-B54F-6EA0A9A39DF1}.Debug|iPhoneSimulator.ActiveCfg = Debug|iPhoneSimulator
		{3B0517B2-85FE-4DDB-B54F-6EA0A9A39DF1}.Debug|iPhoneSimulator.Build.0 = Debug|iPhoneSimulator
		{3B0517B2-85FE-4DDB-B54F-6EA0A9A39DF1}.Release|Any CPU.ActiveCfg = Release|iPhoneSimulator
		{3B0517B2-85FE-4DDB-B54F-6EA0A9A39DF1}.Release|iPhone.ActiveCfg = Release|iPhone
		{3B0517B2-85FE-4DDB-B54F-6EA0A9A39DF1}.Release|iPhone.Build.0 = Release|iPhone
		{3B0517B2-85FE-4DDB-B54F-6EA0A9A39DF1}.Release|iPhoneSimulator.ActiveCfg = Release|iPhoneSimulator
		{3B0517B2-85FE-4DDB-B54F-6EA0A9A39DF1}.Release|iPhoneSimulator.Build.0 = Release|iPhoneSimulator
		{E0426F0B-AAB4-4708-BE08-C3DC28E1949E}.Ad-Hoc|Any CPU.ActiveCfg = Release|Any CPU
		{E0426F0B-AAB4-4708-BE08-C3DC28E1949E}.Ad-Hoc|Any CPU.Build.0 = Release|Any CPU
		{E0426F0B-AAB4-4708-BE08-C3DC28E1949E}.Ad-Hoc|iPhone.ActiveCfg = Release|Any CPU
		{E0426F0B-AAB4-4708-BE08-C3DC28E1949E}.Ad-Hoc|iPhone.Build.0 = Release|Any CPU
		{E0426F0B-AAB4-4708-BE08-C3DC28E1949E}.Ad-Hoc|iPhoneSimulator.ActiveCfg = Release|Any CPU
		{E0426F0B-AAB4-4708-BE08-C3DC28E1949E}.Ad-Hoc|iPhoneSimulator.Build.0 = Release|Any CPU
		{E0426F0B-AAB4-4708-BE08-C3DC28E1949E}.AppStore|Any CPU.ActiveCfg = Release|Any CPU
		{E0426F0B-AAB4-4708-BE08-C3DC28E1949E}.AppStore|Any CPU.Build.0 = Release|Any CPU
		{E0426F0B-AAB4-4708-BE08-C3DC28E1949E}.AppStore|iPhone.ActiveCfg = Release|Any CPU
		{E0426F0B-AAB4-4708-BE08-C3DC28E1949E}.AppStore|iPhone.Build.0 = Release|Any CPU
		{E0426F0B-AAB4-4708-BE08-C3DC28E1949E}.AppStore|iPhoneSimulator.ActiveCfg = Release|Any CPU
		{E0426F0B-AAB4-4708-BE08-C3DC28E1949E}.AppStore|iPhoneSimulator.Build.0 = Release|Any CPU
		{E0426F0B-AAB4-4708-BE08-C3DC28E1949E}.Debug|Any CPU.ActiveCfg = Debug|Any CPU
		{E0426F0B-AAB4-4708-BE08-C3DC28E1949E}.Debug|Any CPU.Build.0 = Debug|Any CPU
		{E0426F0B-AAB4-4708-BE08-C3DC28E1949E}.Debug|iPhone.ActiveCfg = Debug|Any CPU
		{E0426F0B-AAB4-4708-BE08-C3DC28E1949E}.Debug|iPhone.Build.0 = Debug|Any CPU
		{E0426F0B-AAB4-4708-BE08-C3DC28E1949E}.Debug|iPhoneSimulator.ActiveCfg = Debug|Any CPU
		{E0426F0B-AAB4-4708-BE08-C3DC28E1949E}.Debug|iPhoneSimulator.Build.0 = Debug|Any CPU
		{E0426F0B-AAB4-4708-BE08-C3DC28E1949E}.Release|Any CPU.ActiveCfg = Release|Any CPU
		{E0426F0B-AAB4-4708-BE08-C3DC28E1949E}.Release|Any CPU.Build.0 = Release|Any CPU
		{E0426F0B-AAB4-4708-BE08-C3DC28E1949E}.Release|iPhone.ActiveCfg = Release|Any CPU
		{E0426F0B-AAB4-4708-BE08-C3DC28E1949E}.Release|iPhone.Build.0 = Release|Any CPU
		{E0426F0B-AAB4-4708-BE08-C3DC28E1949E}.Release|iPhoneSimulator.ActiveCfg = Release|Any CPU
		{E0426F0B-AAB4-4708-BE08-C3DC28E1949E}.Release|iPhoneSimulator.Build.0 = Release|Any CPU
		{D3FA1384-0274-4244-8033-B5C2F6C1A5BD}.Ad-Hoc|Any CPU.ActiveCfg = Release|iPhone
		{D3FA1384-0274-4244-8033-B5C2F6C1A5BD}.Ad-Hoc|Any CPU.Build.0 = Release|iPhone
		{D3FA1384-0274-4244-8033-B5C2F6C1A5BD}.Ad-Hoc|iPhone.ActiveCfg = Release|iPhone
		{D3FA1384-0274-4244-8033-B5C2F6C1A5BD}.Ad-Hoc|iPhone.Build.0 = Release|iPhone
		{D3FA1384-0274-4244-8033-B5C2F6C1A5BD}.Ad-Hoc|iPhoneSimulator.ActiveCfg = Release|iPhone
		{D3FA1384-0274-4244-8033-B5C2F6C1A5BD}.Ad-Hoc|iPhoneSimulator.Build.0 = Release|iPhone
		{D3FA1384-0274-4244-8033-B5C2F6C1A5BD}.AppStore|Any CPU.ActiveCfg = Release|iPhone
		{D3FA1384-0274-4244-8033-B5C2F6C1A5BD}.AppStore|Any CPU.Build.0 = Release|iPhone
		{D3FA1384-0274-4244-8033-B5C2F6C1A5BD}.AppStore|iPhone.ActiveCfg = Release|iPhone
		{D3FA1384-0274-4244-8033-B5C2F6C1A5BD}.AppStore|iPhone.Build.0 = Release|iPhone
		{D3FA1384-0274-4244-8033-B5C2F6C1A5BD}.AppStore|iPhoneSimulator.ActiveCfg = Release|iPhone
		{D3FA1384-0274-4244-8033-B5C2F6C1A5BD}.AppStore|iPhoneSimulator.Build.0 = Release|iPhone
		{D3FA1384-0274-4244-8033-B5C2F6C1A5BD}.Debug|Any CPU.ActiveCfg = Debug|iPhone
		{D3FA1384-0274-4244-8033-B5C2F6C1A5BD}.Debug|Any CPU.Build.0 = Debug|iPhone
		{D3FA1384-0274-4244-8033-B5C2F6C1A5BD}.Debug|iPhone.ActiveCfg = Debug|iPhone
		{D3FA1384-0274-4244-8033-B5C2F6C1A5BD}.Debug|iPhone.Build.0 = Debug|iPhone
		{D3FA1384-0274-4244-8033-B5C2F6C1A5BD}.Debug|iPhoneSimulator.ActiveCfg = Debug|iPhoneSimulator
		{D3FA1384-0274-4244-8033-B5C2F6C1A5BD}.Debug|iPhoneSimulator.Build.0 = Debug|iPhoneSimulator
		{D3FA1384-0274-4244-8033-B5C2F6C1A5BD}.Release|Any CPU.ActiveCfg = Release|iPhone
		{D3FA1384-0274-4244-8033-B5C2F6C1A5BD}.Release|Any CPU.Build.0 = Release|iPhone
		{D3FA1384-0274-4244-8033-B5C2F6C1A5BD}.Release|iPhone.ActiveCfg = Release|iPhone
		{D3FA1384-0274-4244-8033-B5C2F6C1A5BD}.Release|iPhone.Build.0 = Release|iPhone
		{D3FA1384-0274-4244-8033-B5C2F6C1A5BD}.Release|iPhoneSimulator.ActiveCfg = Release|iPhoneSimulator
		{D3FA1384-0274-4244-8033-B5C2F6C1A5BD}.Release|iPhoneSimulator.Build.0 = Release|iPhoneSimulator
		{4BF640C9-905C-4B64-8E53-9D592E5B7991}.Ad-Hoc|Any CPU.ActiveCfg = Release|Any CPU
		{4BF640C9-905C-4B64-8E53-9D592E5B7991}.Ad-Hoc|Any CPU.Build.0 = Release|Any CPU
		{4BF640C9-905C-4B64-8E53-9D592E5B7991}.Ad-Hoc|Any CPU.Deploy.0 = Release|Any CPU
		{4BF640C9-905C-4B64-8E53-9D592E5B7991}.Ad-Hoc|iPhone.ActiveCfg = Release|Any CPU
		{4BF640C9-905C-4B64-8E53-9D592E5B7991}.Ad-Hoc|iPhone.Build.0 = Release|Any CPU
		{4BF640C9-905C-4B64-8E53-9D592E5B7991}.Ad-Hoc|iPhone.Deploy.0 = Release|Any CPU
		{4BF640C9-905C-4B64-8E53-9D592E5B7991}.Ad-Hoc|iPhoneSimulator.ActiveCfg = Release|Any CPU
		{4BF640C9-905C-4B64-8E53-9D592E5B7991}.Ad-Hoc|iPhoneSimulator.Build.0 = Release|Any CPU
		{4BF640C9-905C-4B64-8E53-9D592E5B7991}.Ad-Hoc|iPhoneSimulator.Deploy.0 = Release|Any CPU
		{4BF640C9-905C-4B64-8E53-9D592E5B7991}.AppStore|Any CPU.ActiveCfg = Release|Any CPU
		{4BF640C9-905C-4B64-8E53-9D592E5B7991}.AppStore|Any CPU.Build.0 = Release|Any CPU
		{4BF640C9-905C-4B64-8E53-9D592E5B7991}.AppStore|Any CPU.Deploy.0 = Release|Any CPU
		{4BF640C9-905C-4B64-8E53-9D592E5B7991}.AppStore|iPhone.ActiveCfg = Release|Any CPU
		{4BF640C9-905C-4B64-8E53-9D592E5B7991}.AppStore|iPhone.Build.0 = Release|Any CPU
		{4BF640C9-905C-4B64-8E53-9D592E5B7991}.AppStore|iPhone.Deploy.0 = Release|Any CPU
		{4BF640C9-905C-4B64-8E53-9D592E5B7991}.AppStore|iPhoneSimulator.ActiveCfg = Release|Any CPU
		{4BF640C9-905C-4B64-8E53-9D592E5B7991}.AppStore|iPhoneSimulator.Build.0 = Release|Any CPU
		{4BF640C9-905C-4B64-8E53-9D592E5B7991}.AppStore|iPhoneSimulator.Deploy.0 = Release|Any CPU
		{4BF640C9-905C-4B64-8E53-9D592E5B7991}.Debug|Any CPU.ActiveCfg = Debug|Any CPU
		{4BF640C9-905C-4B64-8E53-9D592E5B7991}.Debug|Any CPU.Build.0 = Debug|Any CPU
		{4BF640C9-905C-4B64-8E53-9D592E5B7991}.Debug|Any CPU.Deploy.0 = Debug|Any CPU
		{4BF640C9-905C-4B64-8E53-9D592E5B7991}.Debug|iPhone.ActiveCfg = Debug|Any CPU
		{4BF640C9-905C-4B64-8E53-9D592E5B7991}.Debug|iPhone.Build.0 = Debug|Any CPU
		{4BF640C9-905C-4B64-8E53-9D592E5B7991}.Debug|iPhone.Deploy.0 = Debug|Any CPU
		{4BF640C9-905C-4B64-8E53-9D592E5B7991}.Debug|iPhoneSimulator.ActiveCfg = Debug|Any CPU
		{4BF640C9-905C-4B64-8E53-9D592E5B7991}.Debug|iPhoneSimulator.Build.0 = Debug|Any CPU
		{4BF640C9-905C-4B64-8E53-9D592E5B7991}.Debug|iPhoneSimulator.Deploy.0 = Debug|Any CPU
		{4BF640C9-905C-4B64-8E53-9D592E5B7991}.Release|Any CPU.ActiveCfg = Release|Any CPU
		{4BF640C9-905C-4B64-8E53-9D592E5B7991}.Release|Any CPU.Build.0 = Release|Any CPU
		{4BF640C9-905C-4B64-8E53-9D592E5B7991}.Release|Any CPU.Deploy.0 = Release|Any CPU
		{4BF640C9-905C-4B64-8E53-9D592E5B7991}.Release|iPhone.ActiveCfg = Release|Any CPU
		{4BF640C9-905C-4B64-8E53-9D592E5B7991}.Release|iPhone.Build.0 = Release|Any CPU
		{4BF640C9-905C-4B64-8E53-9D592E5B7991}.Release|iPhone.Deploy.0 = Release|Any CPU
		{4BF640C9-905C-4B64-8E53-9D592E5B7991}.Release|iPhoneSimulator.ActiveCfg = Release|Any CPU
		{4BF640C9-905C-4B64-8E53-9D592E5B7991}.Release|iPhoneSimulator.Build.0 = Release|Any CPU
		{4BF640C9-905C-4B64-8E53-9D592E5B7991}.Release|iPhoneSimulator.Deploy.0 = Release|Any CPU
		{E633CAC4-1A3C-4812-89AC-25654E7CD5F6}.Ad-Hoc|Any CPU.ActiveCfg = Release|Any CPU
		{E633CAC4-1A3C-4812-89AC-25654E7CD5F6}.Ad-Hoc|Any CPU.Build.0 = Release|Any CPU
		{E633CAC4-1A3C-4812-89AC-25654E7CD5F6}.Ad-Hoc|Any CPU.Deploy.0 = Release|Any CPU
		{E633CAC4-1A3C-4812-89AC-25654E7CD5F6}.Ad-Hoc|iPhone.ActiveCfg = Release|Any CPU
		{E633CAC4-1A3C-4812-89AC-25654E7CD5F6}.Ad-Hoc|iPhone.Build.0 = Release|Any CPU
		{E633CAC4-1A3C-4812-89AC-25654E7CD5F6}.Ad-Hoc|iPhone.Deploy.0 = Release|Any CPU
		{E633CAC4-1A3C-4812-89AC-25654E7CD5F6}.Ad-Hoc|iPhoneSimulator.ActiveCfg = Release|Any CPU
		{E633CAC4-1A3C-4812-89AC-25654E7CD5F6}.Ad-Hoc|iPhoneSimulator.Build.0 = Release|Any CPU
		{E633CAC4-1A3C-4812-89AC-25654E7CD5F6}.Ad-Hoc|iPhoneSimulator.Deploy.0 = Release|Any CPU
		{E633CAC4-1A3C-4812-89AC-25654E7CD5F6}.AppStore|Any CPU.ActiveCfg = Release|Any CPU
		{E633CAC4-1A3C-4812-89AC-25654E7CD5F6}.AppStore|Any CPU.Build.0 = Release|Any CPU
		{E633CAC4-1A3C-4812-89AC-25654E7CD5F6}.AppStore|Any CPU.Deploy.0 = Release|Any CPU
		{E633CAC4-1A3C-4812-89AC-25654E7CD5F6}.AppStore|iPhone.ActiveCfg = Release|Any CPU
		{E633CAC4-1A3C-4812-89AC-25654E7CD5F6}.AppStore|iPhone.Build.0 = Release|Any CPU
		{E633CAC4-1A3C-4812-89AC-25654E7CD5F6}.AppStore|iPhone.Deploy.0 = Release|Any CPU
		{E633CAC4-1A3C-4812-89AC-25654E7CD5F6}.AppStore|iPhoneSimulator.ActiveCfg = Release|Any CPU
		{E633CAC4-1A3C-4812-89AC-25654E7CD5F6}.AppStore|iPhoneSimulator.Build.0 = Release|Any CPU
		{E633CAC4-1A3C-4812-89AC-25654E7CD5F6}.AppStore|iPhoneSimulator.Deploy.0 = Release|Any CPU
		{E633CAC4-1A3C-4812-89AC-25654E7CD5F6}.Debug|Any CPU.ActiveCfg = Debug|Any CPU
		{E633CAC4-1A3C-4812-89AC-25654E7CD5F6}.Debug|Any CPU.Build.0 = Debug|Any CPU
		{E633CAC4-1A3C-4812-89AC-25654E7CD5F6}.Debug|Any CPU.Deploy.0 = Debug|Any CPU
		{E633CAC4-1A3C-4812-89AC-25654E7CD5F6}.Debug|iPhone.ActiveCfg = Debug|Any CPU
		{E633CAC4-1A3C-4812-89AC-25654E7CD5F6}.Debug|iPhone.Build.0 = Debug|Any CPU
		{E633CAC4-1A3C-4812-89AC-25654E7CD5F6}.Debug|iPhone.Deploy.0 = Debug|Any CPU
		{E633CAC4-1A3C-4812-89AC-25654E7CD5F6}.Debug|iPhoneSimulator.ActiveCfg = Debug|Any CPU
		{E633CAC4-1A3C-4812-89AC-25654E7CD5F6}.Debug|iPhoneSimulator.Build.0 = Debug|Any CPU
		{E633CAC4-1A3C-4812-89AC-25654E7CD5F6}.Debug|iPhoneSimulator.Deploy.0 = Debug|Any CPU
		{E633CAC4-1A3C-4812-89AC-25654E7CD5F6}.Release|Any CPU.ActiveCfg = Release|Any CPU
		{E633CAC4-1A3C-4812-89AC-25654E7CD5F6}.Release|Any CPU.Build.0 = Release|Any CPU
		{E633CAC4-1A3C-4812-89AC-25654E7CD5F6}.Release|Any CPU.Deploy.0 = Release|Any CPU
		{E633CAC4-1A3C-4812-89AC-25654E7CD5F6}.Release|iPhone.ActiveCfg = Release|Any CPU
		{E633CAC4-1A3C-4812-89AC-25654E7CD5F6}.Release|iPhone.Build.0 = Release|Any CPU
		{E633CAC4-1A3C-4812-89AC-25654E7CD5F6}.Release|iPhone.Deploy.0 = Release|Any CPU
		{E633CAC4-1A3C-4812-89AC-25654E7CD5F6}.Release|iPhoneSimulator.ActiveCfg = Release|Any CPU
		{E633CAC4-1A3C-4812-89AC-25654E7CD5F6}.Release|iPhoneSimulator.Build.0 = Release|Any CPU
		{E633CAC4-1A3C-4812-89AC-25654E7CD5F6}.Release|iPhoneSimulator.Deploy.0 = Release|Any CPU
	EndGlobalSection
	GlobalSection(SolutionProperties) = preSolution
		HideSolutionNode = FALSE
	EndGlobalSection
	GlobalSection(NestedProjects) = preSolution
		{750F88A9-20C5-47A2-BA8D-0C86487EE15F} = {09EA9C66-A394-4763-BDB4-4285761720B2}
		{19119D34-DFCA-4F34-8AB6-A15DD34C0E45} = {09EA9C66-A394-4763-BDB4-4285761720B2}
		{29C83ED4-AEE4-4A6B-AAE8-676FF0885252} = {09EA9C66-A394-4763-BDB4-4285761720B2}
		{792AC84B-4A28-483E-8D24-FBF4937AA7F9} = {09EA9C66-A394-4763-BDB4-4285761720B2}
		{751D55D8-8A9B-46D8-9261-816E225FB79D} = {D43432F1-C00F-48FF-967D-BED3A539A787}
		{D8A447BF-B6E8-46C1-87E0-38FD3AC8DD06} = {D43432F1-C00F-48FF-967D-BED3A539A787}
		{EACDCE2C-66D0-437F-96C0-524828D8B851} = {8153D1E1-6BAC-47AA-9D98-AF7A5DF58631}
		{70C53482-B597-41E1-B87B-6C31FB80B8FF} = {8153D1E1-6BAC-47AA-9D98-AF7A5DF58631}
		{2FA07A86-EE0C-4698-90FB-B678B06A7974} = {8153D1E1-6BAC-47AA-9D98-AF7A5DF58631}
		{3B0517B2-85FE-4DDB-B54F-6EA0A9A39DF1} = {8153D1E1-6BAC-47AA-9D98-AF7A5DF58631}
		{E0426F0B-AAB4-4708-BE08-C3DC28E1949E} = {88667731-39F0-4D98-9201-609F41E440C6}
		{D3FA1384-0274-4244-8033-B5C2F6C1A5BD} = {88667731-39F0-4D98-9201-609F41E440C6}
		{4BF640C9-905C-4B64-8E53-9D592E5B7991} = {88667731-39F0-4D98-9201-609F41E440C6}
		{E633CAC4-1A3C-4812-89AC-25654E7CD5F6} = {D43432F1-C00F-48FF-967D-BED3A539A787}
	EndGlobalSection
EndGlobal
